<?xml version="1.0" encoding="utf-8"?>
<Project ToolsVersion="4.0" xmlns="http://schemas.microsoft.com/developer/msbuild/2003">
  <ItemGroup>
    <Filter Include="Source Files">
      <UniqueIdentifier>{4FC737F1-C7A5-4376-A066-2A32D752A2FF}</UniqueIdentifier>
      <Extensions>cpp;c;cc;cxx;c++;cppm;ixx;def;odl;idl;hpj;bat;asm;asmx</Extensions>
    </Filter>
    <Filter Include="Header Files">
      <UniqueIdentifier>{93995380-89BD-4b04-88EB-625FBE52EBFB}</UniqueIdentifier>
      <Extensions>h;hh;hpp;hxx;h++;hm;inl;inc;ipp;xsd</Extensions>
    </Filter>
    <Filter Include="Resource Files">
      <UniqueIdentifier>{67DA6AB6-F800-4c08-8B7A-83BB121AAD01}</UniqueIdentifier>
      <Extensions>rc;ico;cur;bmp;dlg;rc2;rct;bin;rgs;gif;jpg;jpeg;jpe;resx;tiff;tif;png;wav;mfcribbon-ms</Extensions>
    </Filter>
  </ItemGroup>
  <ItemGroup>
    <ClInclude Include="cabinet.h">
      <Filter>Header Files</Filter>
    </ClInclude>
    <ClInclude Include="deskhost.h">
      <Filter>Header Files</Filter>
    </ClInclude>
    <ClInclude Include="dlg.h">
      <Filter>Header Files</Filter>
    </ClInclude>
    <ClInclude Include="hostutil.h">
      <Filter>Header Files</Filter>
    </ClInclude>
    <ClInclude Include="mfulist.h">
      <Filter>Header Files</Filter>
    </ClInclude>
    <ClInclude Include="mixer.h">
      <Filter>Header Files</Filter>
    </ClInclude>
    <ClInclude Include="moreprog.h">
      <Filter>Header Files</Filter>
    </ClInclude>
    <ClInclude Include="pidlbutton.h">
      <Filter>Header Files</Filter>
    </ClInclude>
    <ClInclude Include="proglist.h">
      <Filter>Header Files</Filter>
    </ClInclude>
    <ClInclude Include="rcids.h">
      <Filter>Header Files</Filter>
    </ClInclude>
    <ClInclude Include="resource.h">
      <Filter>Header Files</Filter>
    </ClInclude>
    <ClInclude Include="sfthost.h">
      <Filter>Header Files</Filter>
    </ClInclude>
    <ClInclude Include="specfldr.h">
      <Filter>Header Files</Filter>
    </ClInclude>
    <ClInclude Include="ssomgr.h">
      <Filter>Header Files</Filter>
    </ClInclude>
    <ClInclude Include="startmnu.h">
      <Filter>Header Files</Filter>
    </ClInclude>
    <ClInclude Include="stdafx.h">
      <Filter>Header Files</Filter>
    </ClInclude>
    <ClInclude Include="taskband.h">
      <Filter>Header Files</Filter>
    </ClInclude>
    <ClInclude Include="taskbar.h">
      <Filter>Header Files</Filter>
    </ClInclude>
    <ClInclude Include="tray.h">
      <Filter>Header Files</Filter>
    </ClInclude>
    <ClInclude Include="trayclok.h">
      <Filter>Header Files</Filter>
    </ClInclude>
    <ClInclude Include="traycmn.h">
      <Filter>Header Files</Filter>
    </ClInclude>
    <ClInclude Include="trayitem.h">
      <Filter>Header Files</Filter>
    </ClInclude>
    <ClInclude Include="traynot.h">
      <Filter>Header Files</Filter>
    </ClInclude>
    <ClInclude Include="trayreg.h">
      <Filter>Header Files</Filter>
    </ClInclude>
    <ClInclude Include="userpane.h">
      <Filter>Header Files</Filter>
    </ClInclude>
    <ClInclude Include="util.h">
      <Filter>Header Files</Filter>
    </ClInclude>
    <ClInclude Include="w4warn.h">
      <Filter>Header Files</Filter>
    </ClInclude>
    <ClInclude Include="atlstuff.h">
      <Filter>Header Files</Filter>
    </ClInclude>
    <ClInclude Include="bandsite.h">
      <Filter>Header Files</Filter>
    </ClInclude>
    <ClInclude Include="debug.h">
      <Filter>Header Files</Filter>
    </ClInclude>
    <ClInclude Include="shguidp.h">
      <Filter>Header Files</Filter>
    </ClInclude>
    <ClInclude Include="shdguid.h">
      <Filter>Header Files</Filter>
    </ClInclude>
    <ClInclude Include="ieguidp.h">
      <Filter>Header Files</Filter>
    </ClInclude>
    <ClInclude Include="shundoc.h">
      <Filter>Header Files</Filter>
    </ClInclude>
    <ClInclude Include="trayp.h">
      <Filter>Header Files</Filter>
    </ClInclude>
    <ClInclude Include="dpa.h">
      <Filter>Header Files</Filter>
    </ClInclude>
    <ClInclude Include="help.h">
      <Filter>Header Files</Filter>
    </ClInclude>
    <ClInclude Include="startids.h">
      <Filter>Header Files</Filter>
    </ClInclude>
    <ClInclude Include="cwndproc.h">
      <Filter>Header Files</Filter>
    </ClInclude>
    <ClInclude Include="winuserp.h">
      <Filter>Header Files</Filter>
    </ClInclude>
    <ClInclude Include="port32.h">
      <Filter>Header Files</Filter>
    </ClInclude>
    <ClInclude Include="criticalsection.h">
      <Filter>Header Files</Filter>
    </ClInclude>
    <ClInclude Include="wtl\atlapp.h">
      <Filter>Header Files</Filter>
    </ClInclude>
    <ClInclude Include="wtl\atlcrack.h">
      <Filter>Header Files</Filter>
    </ClInclude>
    <ClInclude Include="wtl\atlctrls.h">
      <Filter>Header Files</Filter>
    </ClInclude>
    <ClInclude Include="wtl\atlctrlw.h">
      <Filter>Header Files</Filter>
    </ClInclude>
    <ClInclude Include="wtl\atlctrlx.h">
      <Filter>Header Files</Filter>
    </ClInclude>
    <ClInclude Include="wtl\atlddx.h">
      <Filter>Header Files</Filter>
    </ClInclude>
    <ClInclude Include="wtl\atldlgs.h">
      <Filter>Header Files</Filter>
    </ClInclude>
    <ClInclude Include="wtl\atlfind.h">
      <Filter>Header Files</Filter>
    </ClInclude>
    <ClInclude Include="wtl\atlframe.h">
      <Filter>Header Files</Filter>
    </ClInclude>
    <ClInclude Include="wtl\atlgdi.h">
      <Filter>Header Files</Filter>
    </ClInclude>
    <ClInclude Include="wtl\atlmisc.h">
      <Filter>Header Files</Filter>
    </ClInclude>
    <ClInclude Include="wtl\atlprint.h">
      <Filter>Header Files</Filter>
    </ClInclude>
    <ClInclude Include="wtl\atlres.h">
      <Filter>Header Files</Filter>
    </ClInclude>
    <ClInclude Include="wtl\atlresce.h">
      <Filter>Header Files</Filter>
    </ClInclude>
    <ClInclude Include="wtl\atlscrl.h">
      <Filter>Header Files</Filter>
    </ClInclude>
    <ClInclude Include="wtl\atlsplit.h">
      <Filter>Header Files</Filter>
    </ClInclude>
    <ClInclude Include="wtl\atltheme.h">
      <Filter>Header Files</Filter>
    </ClInclude>
    <ClInclude Include="wtl\atluser.h">
      <Filter>Header Files</Filter>
    </ClInclude>
    <ClInclude Include="wtl\atlwince.h">
      <Filter>Header Files</Filter>
    </ClInclude>
    <ClInclude Include="wtl\atlwinx.h">
      <Filter>Header Files</Filter>
    </ClInclude>
    <ClInclude Include="runtask.h">
      <Filter>Header Files</Filter>
    </ClInclude>
    <ClInclude Include="cowsite.h">
      <Filter>Header Files</Filter>
    </ClInclude>
    <ClInclude Include="ntwmi.h">
      <Filter>Header Files</Filter>
    </ClInclude>
    <ClInclude Include="ntperf.h">
      <Filter>Header Files</Filter>
    </ClInclude>
    <ClInclude Include="wmiumkm.h">
      <Filter>Header Files</Filter>
    </ClInclude>
    <ClInclude Include="desktopp.h">
      <Filter>Header Files</Filter>
    </ClInclude>
    <ClInclude Include="path.h">
      <Filter>Header Files</Filter>
    </ClInclude>
    <ClInclude Include="desktop2.h">
      <Filter>Header Files</Filter>
    </ClInclude>
    <ClInclude Include="qsort.h">
      <Filter>Header Files</Filter>
    </ClInclude>
    <ClInclude Include="winter.h">
      <Filter>Header Files</Filter>
    </ClInclude>
  </ItemGroup>
  <ItemGroup>
    <None Include="explorer.rcv">
      <Filter>Resource Files</Filter>
    </None>
    <None Include="resource.rcv">
      <Filter>Resource Files</Filter>
    </None>
    <None Include="cpp.hint" />
    <None Include="explorer.fakemanifest" />
  </ItemGroup>
  <ItemGroup>
    <ResourceCompile Include="startpane.rc">
      <Filter>Resource Files</Filter>
    </ResourceCompile>
    <ResourceCompile Include="dlg.rc">
      <Filter>Resource Files</Filter>
    </ResourceCompile>
    <ResourceCompile Include="explorer.rc">
      <Filter>Resource Files</Filter>
    </ResourceCompile>
  </ItemGroup>
  <ItemGroup>
    <Image Include="naclockclean.bmp">
      <Filter>Resource Files</Filter>
    </Image>
    <Image Include="naclocknoclean.bmp">
      <Filter>Resource Files</Filter>
    </Image>
    <Image Include="nanoclockclean.bmp">
      <Filter>Resource Files</Filter>
    </Image>
    <Image Include="nanoclocknoclean.bmp">
      <Filter>Resource Files</Filter>
    </Image>
    <Image Include="newsm.bmp">
      <Filter>Resource Files</Filter>
    </Image>
    <Image Include="sbsbkg.bmp">
      <Filter>Resource Files</Filter>
    </Image>
    <Image Include="srvadv2.bmp">
      <Filter>Resource Files</Filter>
    </Image>
    <Image Include="srvapp.bmp">
      <Filter>Resource Files</Filter>
    </Image>
    <Image Include="srvbkg.bmp">
      <Filter>Resource Files</Filter>
    </Image>
    <Image Include="srvdc2.bmp">
      <Filter>Resource Files</Filter>
    </Image>
    <Image Include="srvemb.bmp">
      <Filter>Resource Files</Filter>
    </Image>
    <Image Include="srvweb.bmp">
      <Filter>Resource Files</Filter>
    </Image>
    <Image Include="start.bmp">
      <Filter>Resource Files</Filter>
    </Image>
    <Image Include="start16.bmp">
      <Filter>Resource Files</Filter>
    </Image>
    <Image Include="start16mask.bmp">
      <Filter>Resource Files</Filter>
    </Image>
    <Image Include="startclassic.bmp">
      <Filter>Resource Files</Filter>
    </Image>
    <Image Include="startem.bmp">
      <Filter>Resource Files</Filter>
    </Image>
    <Image Include="stmuper.bmp">
      <Filter>Resource Files</Filter>
    </Image>
    <Image Include="stmupr64.bmp">
      <Filter>Resource Files</Filter>
    </Image>
    <Image Include="stmupro.bmp">
      <Filter>Resource Files</Filter>
    </Image>
    <Image Include="stmutab.bmp">
      <Filter>Resource Files</Filter>
    </Image>
    <Image Include="taautohide.bmp">
      <Filter>Resource Files</Filter>
    </Image>
    <Image Include="talockgroup.bmp">
      <Filter>Resource Files</Filter>
    </Image>
    <Image Include="talocknogroup.bmp">
      <Filter>Resource Files</Filter>
    </Image>
    <Image Include="tanolockgroup.bmp">
      <Filter>Resource Files</Filter>
    </Image>
    <Image Include="tanolocknogroup.bmp">
      <Filter>Resource Files</Filter>
    </Image>
    <Image Include="taqllockgroup.bmp">
      <Filter>Resource Files</Filter>
    </Image>
    <Image Include="taqllocknogroup.bmp">
      <Filter>Resource Files</Filter>
    </Image>
    <Image Include="taqlnolockgroup.bmp">
      <Filter>Resource Files</Filter>
    </Image>
    <Image Include="taqlnolocknogroup.bmp">
      <Filter>Resource Files</Filter>
    </Image>
    <Image Include="traych.bmp">
      <Filter>Resource Files</Filter>
    </Image>
    <Image Include="traycho.bmp">
      <Filter>Resource Files</Filter>
    </Image>
    <Image Include="traycv.bmp">
      <Filter>Resource Files</Filter>
    </Image>
    <Image Include="traycvo.bmp">
      <Filter>Resource Files</Filter>
    </Image>
    <Image Include="tsbanner.bmp">
      <Filter>Resource Files</Filter>
    </Image>
    <Image Include="classicsm.bmp">
      <Filter>Resource Files</Filter>
    </Image>
    <Image Include="logoffbuttons.bmp">
      <Filter>Resource Files</Filter>
    </Image>
    <Image Include="logoffbuttonshot.bmp">
      <Filter>Resource Files</Filter>
    </Image>
    <Image Include="folderop.ico">
      <Filter>Resource Files</Filter>
    </Image>
    <Image Include="inetmail.ico">
      <Filter>Resource Files</Filter>
    </Image>
    <Image Include="inetweb.ico">
      <Filter>Resource Files</Filter>
    </Image>
    <Image Include="mycomold.ico">
      <Filter>Resource Files</Filter>
    </Image>
    <Image Include="mycomp.ico">
      <Filter>Resource Files</Filter>
    </Image>
    <Image Include="old_error.ico">
      <Filter>Resource Files</Filter>
    </Image>
    <Image Include="old_info.ico">
      <Filter>Resource Files</Filter>
    </Image>
    <Image Include="old_printer.ico">
      <Filter>Resource Files</Filter>
    </Image>
    <Image Include="old_printerr.ico">
      <Filter>Resource Files</Filter>
    </Image>
    <Image Include="old_warning.ico">
      <Filter>Resource Files</Filter>
    </Image>
    <Image Include="overflow.ico">
      <Filter>Resource Files</Filter>
    </Image>
    <Image Include="smwmail.ico">
      <Filter>Resource Files</Filter>
    </Image>
    <Image Include="start.ico">
      <Filter>Resource Files</Filter>
    </Image>
    <Image Include="treeup.ico">
      <Filter>Resource Files</Filter>
    </Image>
    <Image Include="underflow.ico">
      <Filter>Resource Files</Filter>
    </Image>
    <Image Include="clasicsm.ico">
      <Filter>Resource Files</Filter>
    </Image>
    <Image Include="desktop.ico">
      <Filter>Resource Files</Filter>
    </Image>
    <Image Include="docs.ico">
      <Filter>Resource Files</Filter>
    </Image>
  </ItemGroup>
  <ItemGroup>
    <ClCompile Include="deskhost.cpp">
      <Filter>Source Files</Filter>
    </ClCompile>
    <ClCompile Include="hostutil.cpp">
      <Filter>Source Files</Filter>
    </ClCompile>
    <ClCompile Include="initcab.cpp">
      <Filter>Source Files</Filter>
    </ClCompile>
    <ClCompile Include="libx.cpp">
      <Filter>Source Files</Filter>
    </ClCompile>
    <ClCompile Include="logoff.cpp">
      <Filter>Source Files</Filter>
    </ClCompile>
    <ClCompile Include="mixer.cpp">
      <Filter>Source Files</Filter>
    </ClCompile>
    <ClCompile Include="moreprog.cpp">
      <Filter>Source Files</Filter>
    </ClCompile>
    <ClCompile Include="proglist.cpp">
      <Filter>Source Files</Filter>
    </ClCompile>
    <ClCompile Include="sfthost.cpp">
      <Filter>Source Files</Filter>
    </ClCompile>
    <ClCompile Include="specfldr.cpp">
      <Filter>Source Files</Filter>
    </ClCompile>
    <ClCompile Include="ssomgr.cpp">
      <Filter>Source Files</Filter>
    </ClCompile>
    <ClCompile Include="startmnu.cpp">
      <Filter>Source Files</Filter>
    </ClCompile>
    <ClCompile Include="taskband.cpp">
      <Filter>Source Files</Filter>
    </ClCompile>
    <ClCompile Include="taskbar.cpp">
      <Filter>Source Files</Filter>
    </ClCompile>
    <ClCompile Include="tray.cpp">
      <Filter>Source Files</Filter>
    </ClCompile>
    <ClCompile Include="trayclok.cpp">
      <Filter>Source Files</Filter>
    </ClCompile>
    <ClCompile Include="traycmn.cpp">
      <Filter>Source Files</Filter>
    </ClCompile>
    <ClCompile Include="trayitem.cpp">
      <Filter>Source Files</Filter>
    </ClCompile>
    <ClCompile Include="traynot.cpp">
      <Filter>Source Files</Filter>
    </ClCompile>
    <ClCompile Include="trayprop.cpp">
      <Filter>Source Files</Filter>
    </ClCompile>
    <ClCompile Include="trayreg.cpp">
      <Filter>Source Files</Filter>
    </ClCompile>
    <ClCompile Include="userpane.cpp">
      <Filter>Source Files</Filter>
    </ClCompile>
    <ClCompile Include="util.cpp">
      <Filter>Source Files</Filter>
    </ClCompile>
    <ClCompile Include="wrapctl.cpp">
      <Filter>Source Files</Filter>
    </ClCompile>
    <ClCompile Include="bandsite.cpp">
      <Filter>Source Files</Filter>
    </ClCompile>
    <ClCompile Include="classfac.cpp">
      <Filter>Source Files</Filter>
    </ClCompile>
    <ClCompile Include="debug.cpp">
      <Filter>Source Files</Filter>
    </ClCompile>
    <ClCompile Include="defaultmfu.cpp">
      <Filter>Source Files</Filter>
    </ClCompile>
    <ClCompile Include="shundoc.cpp">
      <Filter>Source Files</Filter>
    </ClCompile>
    <ClCompile Include="cwndproc.cpp">
      <Filter>Source Files</Filter>
    </ClCompile>
    <ClCompile Include="path.cpp">
      <Filter>Source Files</Filter>
    </ClCompile>
    <ClCompile Include="dllload.cpp">
      <Filter>Source Files</Filter>
    </ClCompile>
    <ClCompile Include="ieguidp.cpp">
      <Filter>Source Files</Filter>
    </ClCompile>
    <ClCompile Include="uemapp.cpp">
      <Filter>Source Files</Filter>
    </ClCompile>
    <ClCompile Include="cowsite.cpp">
      <Filter>Source Files</Filter>
    </ClCompile>
    <ClCompile Include="desktopp.cpp">
      <Filter>Source Files</Filter>
    </ClCompile>
    <ClCompile Include="runtask.cpp">
      <Filter>Source Files</Filter>
    </ClCompile>
  </ItemGroup>
</Project>